dependencies:
- name: external-dns
  repository: https://charts.bitnami.com/bitnami
  version: 6.31.4
- name: cert-manager
  repository: https://charts.jetstack.io
  version: v1.13.3
- name: plural-certmanager-webhook
  repository: ""
  version: 0.1.7
- name: ingress-nginx
  repository: https://kubernetes.github.io/ingress-nginx
  version: 4.9.1
- name: ingress-nginx
  repository: https://kubernetes.github.io/ingress-nginx
  version: 4.9.1
- name: flux2
  repository: https://fluxcd-community.github.io/helm-charts
  version: 2.12.4
digest: sha256:45efc3603b66e3678153d11da5857e269e0b5ceb06014cce4591d7dea362c9ad
generated: "2024-03-07T16:39:45.383674004Z"
