dependencies:
- name: external-dns
  repository: https://charts.bitnami.com/bitnami
  version: 6.38.0
- name: cert-manager
  repository: https://charts.jetstack.io
  version: v1.13.3
- name: plural-certmanager-webhook
  repository: ""
  version: 0.1.7
- name: ingress-nginx
  repository: https://kubernetes.github.io/ingress-nginx
  version: 4.9.1
- name: ingress-nginx
  repository: https://kubernetes.github.io/ingress-nginx
  version: 4.9.1
- name: flux2
  repository: https://fluxcd-community.github.io/helm-charts
  version: 2.12.4
digest: sha256:b715121c4e16945eaed36a0aac31129e3142fcc15f1175f83256cac41408190c
generated: "2024-04-20T21:14:20.067691421Z"
