dependencies:
- name: external-dns
  repository: https://charts.bitnami.com/bitnami
  version: 6.28.6
- name: cert-manager
  repository: https://charts.jetstack.io
  version: v1.13.3
- name: plural-certmanager-webhook
  repository: ""
  version: 0.1.7
- name: ingress-nginx
  repository: https://kubernetes.github.io/ingress-nginx
  version: 4.9.0
- name: ingress-nginx
  repository: https://kubernetes.github.io/ingress-nginx
  version: 4.9.0
- name: flux2
  repository: https://fluxcd-community.github.io/helm-charts
  version: 2.12.2
digest: sha256:160e730a6cd1c8ba25bdc77ca1172d74b796992588f4ae8d1240bd8ed9ea2a3e
generated: "2023-12-27T01:46:15.515593427Z"
